// !$*UTF8*$!
{
	archiveVersion = 1;
	classes = {
	};
	objectVersion = 56;
	objects = {

/* Begin PBXBuildFile section */
		067157F729E22EA000D1B111 /* IQKeyboardManagerSwift in Frameworks */ = {isa = PBXBuildFile; productRef = 067157F629E22EA000D1B111 /* IQKeyboardManagerSwift */; };
		06977E5929589E19004C43AF /* AppDelegate.swift in Sources */ = {isa = PBXBuildFile; fileRef = 06977E5829589E19004C43AF /* AppDelegate.swift */; };
		06977E5B29589E19004C43AF /* SceneDelegate.swift in Sources */ = {isa = PBXBuildFile; fileRef = 06977E5A29589E19004C43AF /* SceneDelegate.swift */; };
		06977E5D29589E19004C43AF /* ViewController.swift in Sources */ = {isa = PBXBuildFile; fileRef = 06977E5C29589E19004C43AF /* ViewController.swift */; };
		06977E6029589E19004C43AF /* Main.storyboard in Resources */ = {isa = PBXBuildFile; fileRef = 06977E5E29589E19004C43AF /* Main.storyboard */; };
		06977E6229589E1A004C43AF /* Assets.xcassets in Resources */ = {isa = PBXBuildFile; fileRef = 06977E6129589E1A004C43AF /* Assets.xcassets */; };
		06977E6529589E1A004C43AF /* LaunchScreen.storyboard in Resources */ = {isa = PBXBuildFile; fileRef = 06977E6329589E1A004C43AF /* LaunchScreen.storyboard */; };
		06977E6E29589E3C004C43AF /* CocoaMQTT in Frameworks */ = {isa = PBXBuildFile; productRef = 06977E6D29589E3C004C43AF /* CocoaMQTT */; };
		06977E7029589E3C004C43AF /* CocoaMQTTWebSocket in Frameworks */ = {isa = PBXBuildFile; productRef = 06977E6F29589E3C004C43AF /* CocoaMQTTWebSocket */; };
		06D01DEF29DA448D00C3C7FD /* SerialConfiguration.swift in Sources */ = {isa = PBXBuildFile; fileRef = 06D01DEE29DA448D00C3C7FD /* SerialConfiguration.swift */; };
		06D01DF529DB8A9100C3C7FD /* SerialSettings.swift in Sources */ = {isa = PBXBuildFile; fileRef = 06D01DF429DB8A9100C3C7FD /* SerialSettings.swift */; };
		06F33B4B29F6028B00A84C3E /* SwiftTooltipKit in Frameworks */ = {isa = PBXBuildFile; productRef = 06F33B4A29F6028B00A84C3E /* SwiftTooltipKit */; };
/* End PBXBuildFile section */

/* Begin PBXFileReference section */
		06487DD12A031B0400E8161D /* README.md */ = {isa = PBXFileReference; lastKnownFileType = net.daringfireball.markdown; path = README.md; sourceTree = "<group>"; };
		06977E5529589E19004C43AF /* Sowify.app */ = {isa = PBXFileReference; explicitFileType = wrapper.application; includeInIndex = 0; path = Sowify.app; sourceTree = BUILT_PRODUCTS_DIR; };
		06977E5829589E19004C43AF /* AppDelegate.swift */ = {isa = PBXFileReference; lastKnownFileType = sourcecode.swift; path = AppDelegate.swift; sourceTree = "<group>"; };
		06977E5A29589E19004C43AF /* SceneDelegate.swift */ = {isa = PBXFileReference; lastKnownFileType = sourcecode.swift; path = SceneDelegate.swift; sourceTree = "<group>"; };
		06977E5C29589E19004C43AF /* ViewController.swift */ = {isa = PBXFileReference; lastKnownFileType = sourcecode.swift; path = ViewController.swift; sourceTree = "<group>"; };
		06977E5F29589E19004C43AF /* Base */ = {isa = PBXFileReference; lastKnownFileType = file.storyboard; name = Base; path = Base.lproj/Main.storyboard; sourceTree = "<group>"; };
		06977E6129589E1A004C43AF /* Assets.xcassets */ = {isa = PBXFileReference; lastKnownFileType = folder.assetcatalog; path = Assets.xcassets; sourceTree = "<group>"; };
		06977E6429589E1A004C43AF /* Base */ = {isa = PBXFileReference; lastKnownFileType = file.storyboard; name = Base; path = Base.lproj/LaunchScreen.storyboard; sourceTree = "<group>"; };
		06977E6629589E1A004C43AF /* Info.plist */ = {isa = PBXFileReference; lastKnownFileType = text.plist.xml; path = Info.plist; sourceTree = "<group>"; };
		06D01DEE29DA448D00C3C7FD /* SerialConfiguration.swift */ = {isa = PBXFileReference; lastKnownFileType = sourcecode.swift; path = SerialConfiguration.swift; sourceTree = "<group>"; };
		06D01DF429DB8A9100C3C7FD /* SerialSettings.swift */ = {isa = PBXFileReference; lastKnownFileType = sourcecode.swift; path = SerialSettings.swift; sourceTree = "<group>"; };
/* End PBXFileReference section */

/* Begin PBXFrameworksBuildPhase section */
		06977E5229589E19004C43AF /* Frameworks */ = {
			isa = PBXFrameworksBuildPhase;
			buildActionMask = 2147483647;
			files = (
				06977E7029589E3C004C43AF /* CocoaMQTTWebSocket in Frameworks */,
				06977E6E29589E3C004C43AF /* CocoaMQTT in Frameworks */,
				067157F729E22EA000D1B111 /* IQKeyboardManagerSwift in Frameworks */,
				06F33B4B29F6028B00A84C3E /* SwiftTooltipKit in Frameworks */,
			);
			runOnlyForDeploymentPostprocessing = 0;
		};
/* End PBXFrameworksBuildPhase section */

/* Begin PBXGroup section */
		06977E4C29589E19004C43AF = {
			isa = PBXGroup;
			children = (
				06977E5729589E19004C43AF /* Sowify */,
				06977E5629589E19004C43AF /* Products */,
			);
			sourceTree = "<group>";
		};
		06977E5629589E19004C43AF /* Products */ = {
			isa = PBXGroup;
			children = (
				06977E5529589E19004C43AF /* Sowify.app */,
			);
			name = Products;
			sourceTree = "<group>";
		};
		06977E5729589E19004C43AF /* Sowify */ = {
			isa = PBXGroup;
			children = (
				06977E5829589E19004C43AF /* AppDelegate.swift */,
				06977E5A29589E19004C43AF /* SceneDelegate.swift */,
				06D01DEB29D4EAC900C3C7FD /* Model */,
				06D01DE829D4EAA000C3C7FD /* View */,
				06D01DE929D4EAB100C3C7FD /* Controller */,
				06977E6129589E1A004C43AF /* Assets.xcassets */,
				06977E6329589E1A004C43AF /* LaunchScreen.storyboard */,
				06977E6629589E1A004C43AF /* Info.plist */,
				06487DD12A031B0400E8161D /* README.md */,
			);
			path = Sowify;
			sourceTree = "<group>";
		};
		06D01DE829D4EAA000C3C7FD /* View */ = {
			isa = PBXGroup;
			children = (
				06977E5E29589E19004C43AF /* Main.storyboard */,
			);
			path = View;
			sourceTree = "<group>";
		};
		06D01DE929D4EAB100C3C7FD /* Controller */ = {
			isa = PBXGroup;
			children = (
				06977E5C29589E19004C43AF /* ViewController.swift */,
				06D01DEE29DA448D00C3C7FD /* SerialConfiguration.swift */,
			);
			path = Controller;
			sourceTree = "<group>";
		};
		06D01DEB29D4EAC900C3C7FD /* Model */ = {
			isa = PBXGroup;
			children = (
				06D01DF429DB8A9100C3C7FD /* SerialSettings.swift */,
			);
			path = Model;
			sourceTree = "<group>";
		};
/* End PBXGroup section */

/* Begin PBXNativeTarget section */
		06977E5429589E19004C43AF /* Sowify */ = {
			isa = PBXNativeTarget;
			buildConfigurationList = 06977E6929589E1A004C43AF /* Build configuration list for PBXNativeTarget "Sowify" */;
			buildPhases = (
				06977E5129589E19004C43AF /* Sources */,
				06977E5229589E19004C43AF /* Frameworks */,
				06977E5329589E19004C43AF /* Resources */,
			);
			buildRules = (
			);
			dependencies = (
			);
			name = Sowify;
			packageProductDependencies = (
				06977E6D29589E3C004C43AF /* CocoaMQTT */,
				06977E6F29589E3C004C43AF /* CocoaMQTTWebSocket */,
				067157F629E22EA000D1B111 /* IQKeyboardManagerSwift */,
				06F33B4A29F6028B00A84C3E /* SwiftTooltipKit */,
			);
			productName = NMEAReader;
			productReference = 06977E5529589E19004C43AF /* Sowify.app */;
			productType = "com.apple.product-type.application";
		};
/* End PBXNativeTarget section */

/* Begin PBXProject section */
		06977E4D29589E19004C43AF /* Project object */ = {
			isa = PBXProject;
			attributes = {
				BuildIndependentTargetsInParallel = 1;
				LastSwiftUpdateCheck = 1420;
				LastUpgradeCheck = 1420;
				TargetAttributes = {
					06977E5429589E19004C43AF = {
						CreatedOnToolsVersion = 14.2;
					};
				};
			};
			buildConfigurationList = 06977E5029589E19004C43AF /* Build configuration list for PBXProject "Sowify" */;
			compatibilityVersion = "Xcode 14.0";
			developmentRegion = en;
			hasScannedForEncodings = 0;
			knownRegions = (
				en,
				Base,
			);
			mainGroup = 06977E4C29589E19004C43AF;
			packageReferences = (
				06977E6C29589E3C004C43AF /* XCRemoteSwiftPackageReference "CocoaMQTT" */,
				067157F529E22EA000D1B111 /* XCRemoteSwiftPackageReference "IQKeyboardManager" */,
				06F33B4929F6028B00A84C3E /* XCRemoteSwiftPackageReference "SwiftTooltipKit" */,
			);
			productRefGroup = 06977E5629589E19004C43AF /* Products */;
			projectDirPath = "";
			projectRoot = "";
			targets = (
				06977E5429589E19004C43AF /* Sowify */,
			);
		};
/* End PBXProject section */

/* Begin PBXResourcesBuildPhase section */
		06977E5329589E19004C43AF /* Resources */ = {
			isa = PBXResourcesBuildPhase;
			buildActionMask = 2147483647;
			files = (
				06977E6529589E1A004C43AF /* LaunchScreen.storyboard in Resources */,
				06977E6229589E1A004C43AF /* Assets.xcassets in Resources */,
				06977E6029589E19004C43AF /* Main.storyboard in Resources */,
			);
			runOnlyForDeploymentPostprocessing = 0;
		};
/* End PBXResourcesBuildPhase section */

/* Begin PBXSourcesBuildPhase section */
		06977E5129589E19004C43AF /* Sources */ = {
			isa = PBXSourcesBuildPhase;
			buildActionMask = 2147483647;
			files = (
				06D01DF529DB8A9100C3C7FD /* SerialSettings.swift in Sources */,
				06977E5D29589E19004C43AF /* ViewController.swift in Sources */,
				06977E5929589E19004C43AF /* AppDelegate.swift in Sources */,
				06977E5B29589E19004C43AF /* SceneDelegate.swift in Sources */,
				06D01DEF29DA448D00C3C7FD /* SerialConfiguration.swift in Sources */,
			);
			runOnlyForDeploymentPostprocessing = 0;
		};
/* End PBXSourcesBuildPhase section */

/* Begin PBXVariantGroup section */
		06977E5E29589E19004C43AF /* Main.storyboard */ = {
			isa = PBXVariantGroup;
			children = (
				06977E5F29589E19004C43AF /* Base */,
			);
			name = Main.storyboard;
			sourceTree = "<group>";
		};
		06977E6329589E1A004C43AF /* LaunchScreen.storyboard */ = {
			isa = PBXVariantGroup;
			children = (
				06977E6429589E1A004C43AF /* Base */,
			);
			name = LaunchScreen.storyboard;
			sourceTree = "<group>";
		};
/* End PBXVariantGroup section */

/* Begin XCBuildConfiguration section */
		06977E6729589E1A004C43AF /* Debug */ = {
			isa = XCBuildConfiguration;
			buildSettings = {
				ALWAYS_SEARCH_USER_PATHS = NO;
				CLANG_ANALYZER_NONNULL = YES;
				CLANG_ANALYZER_NUMBER_OBJECT_CONVERSION = YES_AGGRESSIVE;
				CLANG_CXX_LANGUAGE_STANDARD = "gnu++20";
				CLANG_ENABLE_MODULES = YES;
				CLANG_ENABLE_OBJC_ARC = YES;
				CLANG_ENABLE_OBJC_WEAK = YES;
				CLANG_WARN_BLOCK_CAPTURE_AUTORELEASING = YES;
				CLANG_WARN_BOOL_CONVERSION = YES;
				CLANG_WARN_COMMA = YES;
				CLANG_WARN_CONSTANT_CONVERSION = YES;
				CLANG_WARN_DEPRECATED_OBJC_IMPLEMENTATIONS = YES;
				CLANG_WARN_DIRECT_OBJC_ISA_USAGE = YES_ERROR;
				CLANG_WARN_DOCUMENTATION_COMMENTS = YES;
				CLANG_WARN_EMPTY_BODY = YES;
				CLANG_WARN_ENUM_CONVERSION = YES;
				CLANG_WARN_INFINITE_RECURSION = YES;
				CLANG_WARN_INT_CONVERSION = YES;
				CLANG_WARN_NON_LITERAL_NULL_CONVERSION = YES;
				CLANG_WARN_OBJC_IMPLICIT_RETAIN_SELF = YES;
				CLANG_WARN_OBJC_LITERAL_CONVERSION = YES;
				CLANG_WARN_OBJC_ROOT_CLASS = YES_ERROR;
				CLANG_WARN_QUOTED_INCLUDE_IN_FRAMEWORK_HEADER = YES;
				CLANG_WARN_RANGE_LOOP_ANALYSIS = YES;
				CLANG_WARN_STRICT_PROTOTYPES = YES;
				CLANG_WARN_SUSPICIOUS_MOVE = YES;
				CLANG_WARN_UNGUARDED_AVAILABILITY = YES_AGGRESSIVE;
				CLANG_WARN_UNREACHABLE_CODE = YES;
				CLANG_WARN__DUPLICATE_METHOD_MATCH = YES;
				COPY_PHASE_STRIP = NO;
				DEBUG_INFORMATION_FORMAT = dwarf;
				ENABLE_STRICT_OBJC_MSGSEND = YES;
				ENABLE_TESTABILITY = YES;
				GCC_C_LANGUAGE_STANDARD = gnu11;
				GCC_DYNAMIC_NO_PIC = NO;
				GCC_NO_COMMON_BLOCKS = YES;
				GCC_OPTIMIZATION_LEVEL = 0;
				GCC_PREPROCESSOR_DEFINITIONS = (
					"DEBUG=1",
					"$(inherited)",
				);
				GCC_WARN_64_TO_32_BIT_CONVERSION = YES;
				GCC_WARN_ABOUT_RETURN_TYPE = YES_ERROR;
				GCC_WARN_UNDECLARED_SELECTOR = YES;
				GCC_WARN_UNINITIALIZED_AUTOS = YES_AGGRESSIVE;
				GCC_WARN_UNUSED_FUNCTION = YES;
				GCC_WARN_UNUSED_VARIABLE = YES;
				IPHONEOS_DEPLOYMENT_TARGET = 16.2;
				MTL_ENABLE_DEBUG_INFO = INCLUDE_SOURCE;
				MTL_FAST_MATH = YES;
				ONLY_ACTIVE_ARCH = YES;
				SDKROOT = iphoneos;
				SWIFT_ACTIVE_COMPILATION_CONDITIONS = DEBUG;
				SWIFT_OPTIMIZATION_LEVEL = "-Onone";
			};
			name = Debug;
		};
		06977E6829589E1A004C43AF /* Release */ = {
			isa = XCBuildConfiguration;
			buildSettings = {
				ALWAYS_SEARCH_USER_PATHS = NO;
				CLANG_ANALYZER_NONNULL = YES;
				CLANG_ANALYZER_NUMBER_OBJECT_CONVERSION = YES_AGGRESSIVE;
				CLANG_CXX_LANGUAGE_STANDARD = "gnu++20";
				CLANG_ENABLE_MODULES = YES;
				CLANG_ENABLE_OBJC_ARC = YES;
				CLANG_ENABLE_OBJC_WEAK = YES;
				CLANG_WARN_BLOCK_CAPTURE_AUTORELEASING = YES;
				CLANG_WARN_BOOL_CONVERSION = YES;
				CLANG_WARN_COMMA = YES;
				CLANG_WARN_CONSTANT_CONVERSION = YES;
				CLANG_WARN_DEPRECATED_OBJC_IMPLEMENTATIONS = YES;
				CLANG_WARN_DIRECT_OBJC_ISA_USAGE = YES_ERROR;
				CLANG_WARN_DOCUMENTATION_COMMENTS = YES;
				CLANG_WARN_EMPTY_BODY = YES;
				CLANG_WARN_ENUM_CONVERSION = YES;
				CLANG_WARN_INFINITE_RECURSION = YES;
				CLANG_WARN_INT_CONVERSION = YES;
				CLANG_WARN_NON_LITERAL_NULL_CONVERSION = YES;
				CLANG_WARN_OBJC_IMPLICIT_RETAIN_SELF = YES;
				CLANG_WARN_OBJC_LITERAL_CONVERSION = YES;
				CLANG_WARN_OBJC_ROOT_CLASS = YES_ERROR;
				CLANG_WARN_QUOTED_INCLUDE_IN_FRAMEWORK_HEADER = YES;
				CLANG_WARN_RANGE_LOOP_ANALYSIS = YES;
				CLANG_WARN_STRICT_PROTOTYPES = YES;
				CLANG_WARN_SUSPICIOUS_MOVE = YES;
				CLANG_WARN_UNGUARDED_AVAILABILITY = YES_AGGRESSIVE;
				CLANG_WARN_UNREACHABLE_CODE = YES;
				CLANG_WARN__DUPLICATE_METHOD_MATCH = YES;
				COPY_PHASE_STRIP = NO;
				DEBUG_INFORMATION_FORMAT = "dwarf-with-dsym";
				ENABLE_NS_ASSERTIONS = NO;
				ENABLE_STRICT_OBJC_MSGSEND = YES;
				GCC_C_LANGUAGE_STANDARD = gnu11;
				GCC_NO_COMMON_BLOCKS = YES;
				GCC_WARN_64_TO_32_BIT_CONVERSION = YES;
				GCC_WARN_ABOUT_RETURN_TYPE = YES_ERROR;
				GCC_WARN_UNDECLARED_SELECTOR = YES;
				GCC_WARN_UNINITIALIZED_AUTOS = YES_AGGRESSIVE;
				GCC_WARN_UNUSED_FUNCTION = YES;
				GCC_WARN_UNUSED_VARIABLE = YES;
				IPHONEOS_DEPLOYMENT_TARGET = 16.2;
				MTL_ENABLE_DEBUG_INFO = NO;
				MTL_FAST_MATH = YES;
				SDKROOT = iphoneos;
				SWIFT_COMPILATION_MODE = wholemodule;
				SWIFT_OPTIMIZATION_LEVEL = "-O";
				VALIDATE_PRODUCT = YES;
			};
			name = Release;
		};
		06977E6A29589E1A004C43AF /* Debug */ = {
			isa = XCBuildConfiguration;
			buildSettings = {
				ASSETCATALOG_COMPILER_APPICON_NAME = AppIcon;
				ASSETCATALOG_COMPILER_GLOBAL_ACCENT_COLOR_NAME = AccentColor;
				CODE_SIGN_STYLE = Automatic;
				CURRENT_PROJECT_VERSION = 1;
				DEVELOPMENT_TEAM = V73TDMAF88;
				GENERATE_INFOPLIST_FILE = YES;
				INFOPLIST_FILE = Sowify/Info.plist;
				INFOPLIST_KEY_UIApplicationSupportsIndirectInputEvents = YES;
				INFOPLIST_KEY_UILaunchStoryboardName = LaunchScreen;
				INFOPLIST_KEY_UIMainStoryboardFile = Main;
				INFOPLIST_KEY_UISupportedInterfaceOrientations_iPad = "UIInterfaceOrientationPortrait UIInterfaceOrientationPortraitUpsideDown UIInterfaceOrientationLandscapeLeft UIInterfaceOrientationLandscapeRight";
				INFOPLIST_KEY_UISupportedInterfaceOrientations_iPhone = "UIInterfaceOrientationPortrait UIInterfaceOrientationLandscapeLeft UIInterfaceOrientationLandscapeRight";
				IPHONEOS_DEPLOYMENT_TARGET = 16.2;
				LD_RUNPATH_SEARCH_PATHS = (
					"$(inherited)",
					"@executable_path/Frameworks",
				);
				MARKETING_VERSION = 1.0.0;
				PRODUCT_BUNDLE_IDENTIFIER = com.bacata.Sowify;
				PRODUCT_NAME = "$(TARGET_NAME)";
				SWIFT_EMIT_LOC_STRINGS = YES;
				SWIFT_VERSION = 5.0;
				TARGETED_DEVICE_FAMILY = "1,2";
			};
			name = Debug;
		};
		06977E6B29589E1A004C43AF /* Release */ = {
			isa = XCBuildConfiguration;
			buildSettings = {
				ASSETCATALOG_COMPILER_APPICON_NAME = AppIcon;
				ASSETCATALOG_COMPILER_GLOBAL_ACCENT_COLOR_NAME = AccentColor;
				CODE_SIGN_STYLE = Automatic;
				CURRENT_PROJECT_VERSION = 1;
				DEVELOPMENT_TEAM = V73TDMAF88;
				GENERATE_INFOPLIST_FILE = YES;
				INFOPLIST_FILE = Sowify/Info.plist;
				INFOPLIST_KEY_UIApplicationSupportsIndirectInputEvents = YES;
				INFOPLIST_KEY_UILaunchStoryboardName = LaunchScreen;
				INFOPLIST_KEY_UIMainStoryboardFile = Main;
				INFOPLIST_KEY_UISupportedInterfaceOrientations_iPad = "UIInterfaceOrientationPortrait UIInterfaceOrientationPortraitUpsideDown UIInterfaceOrientationLandscapeLeft UIInterfaceOrientationLandscapeRight";
				INFOPLIST_KEY_UISupportedInterfaceOrientations_iPhone = "UIInterfaceOrientationPortrait UIInterfaceOrientationLandscapeLeft UIInterfaceOrientationLandscapeRight";
				IPHONEOS_DEPLOYMENT_TARGET = 16.2;
				LD_RUNPATH_SEARCH_PATHS = (
					"$(inherited)",
					"@executable_path/Frameworks",
				);
				MARKETING_VERSION = 1.0.0;
				PRODUCT_BUNDLE_IDENTIFIER = com.bacata.Sowify;
				PRODUCT_NAME = "$(TARGET_NAME)";
				SWIFT_EMIT_LOC_STRINGS = YES;
				SWIFT_VERSION = 5.0;
				TARGETED_DEVICE_FAMILY = "1,2";
			};
			name = Release;
		};
/* End XCBuildConfiguration section */

/* Begin XCConfigurationList section */
		06977E5029589E19004C43AF /* Build configuration list for PBXProject "Sowify" */ = {
			isa = XCConfigurationList;
			buildConfigurations = (
				06977E6729589E1A004C43AF /* Debug */,
				06977E6829589E1A004C43AF /* Release */,
			);
			defaultConfigurationIsVisible = 0;
			defaultConfigurationName = Release;
		};
		06977E6929589E1A004C43AF /* Build configuration list for PBXNativeTarget "Sowify" */ = {
			isa = XCConfigurationList;
			buildConfigurations = (
				06977E6A29589E1A004C43AF /* Debug */,
				06977E6B29589E1A004C43AF /* Release */,
			);
			defaultConfigurationIsVisible = 0;
			defaultConfigurationName = Release;
		};
/* End XCConfigurationList section */

/* Begin XCRemoteSwiftPackageReference section */
		067157F529E22EA000D1B111 /* XCRemoteSwiftPackageReference "IQKeyboardManager" */ = {
			isa = XCRemoteSwiftPackageReference;
			repositoryURL = "https://github.com/hackiftekhar/IQKeyboardManager.git";
			requirement = {
				branch = master;
				kind = branch;
			};
		};
		06977E6C29589E3C004C43AF /* XCRemoteSwiftPackageReference "CocoaMQTT" */ = {
			isa = XCRemoteSwiftPackageReference;
			repositoryURL = "https://github.com/emqx/CocoaMQTT.git";
			requirement = {
				branch = master;
				kind = branch;
			};
		};
		06F33B4929F6028B00A84C3E /* XCRemoteSwiftPackageReference "SwiftTooltipKit" */ = {
			isa = XCRemoteSwiftPackageReference;
			repositoryURL = "https://github.com/hendesi/SwiftTooltipKit.git";
			requirement = {
				kind = upToNextMajorVersion;
				minimumVersion = 0.1.2;
			};
		};
/* End XCRemoteSwiftPackageReference section */

/* Begin XCSwiftPackageProductDependency section */
		067157F629E22EA000D1B111 /* IQKeyboardManagerSwift */ = {
			isa = XCSwiftPackageProductDependency;
			package = 067157F529E22EA000D1B111 /* XCRemoteSwiftPackageReference "IQKeyboardManager" */;
			productName = IQKeyboardManagerSwift;
		};
		06977E6D29589E3C004C43AF /* CocoaMQTT */ = {
			isa = XCSwiftPackageProductDependency;
			package = 06977E6C29589E3C004C43AF /* XCRemoteSwiftPackageReference "CocoaMQTT" */;
			productName = CocoaMQTT;
		};
		06977E6F29589E3C004C43AF /* CocoaMQTTWebSocket */ = {
			isa = XCSwiftPackageProductDependency;
			package = 06977E6C29589E3C004C43AF /* XCRemoteSwiftPackageReference "CocoaMQTT" */;
			productName = CocoaMQTTWebSocket;
		};
		06F33B4A29F6028B00A84C3E /* SwiftTooltipKit */ = {
			isa = XCSwiftPackageProductDependency;
			package = 06F33B4929F6028B00A84C3E /* XCRemoteSwiftPackageReference "SwiftTooltipKit" */;
			productName = SwiftTooltipKit;
		};
/* End XCSwiftPackageProductDependency section */
	};
	rootObject = 06977E4D29589E19004C43AF /* Project object */;
}
